{
  "name": "Travel-Bucket",
  "lockfileVersion": 2,
  "requires": true,
  "packages": {
    "": {
      "dependencies": {
        "@reach/combobox": "^0.17.0",
        "@react-google-maps/api": "^2.12.0",
        "google-maps-react": "^2.0.6",
        "use-places-autocomplete": "^4.0.0"
      },
      "devDependencies": {
        "@types/google.maps": "^3.49.2"
      }
    },
    "node_modules/@googlemaps/js-api-loader": {
      "version": "1.14.3",
      "resolved": "https://registry.npmjs.org/@googlemaps/js-api-loader/-/js-api-loader-1.14.3.tgz",
      "integrity": "sha512-6iIb+qpGgQpgIHmIFO44WhE1rDUxPVHuezNFL30wRJnkvhwFm94tD291UvNg9L05hLDSoL16jd0lbqqmdy4C5g==",
      "dependencies": {
        "fast-deep-equal": "^3.1.3"
      }
    },
    "node_modules/@googlemaps/markerclusterer": {
      "version": "2.0.7",
      "resolved": "https://registry.npmjs.org/@googlemaps/markerclusterer/-/markerclusterer-2.0.7.tgz",
      "integrity": "sha512-/xADL31ERrNoVsF+O2A+H+obxOki4DHPQkU/STS5gFG6ZZVpvNV4WLisW2aOlOsH3rUXSq3MFjqFOEDXSQcvog==",
      "dependencies": {
        "fast-deep-equal": "^3.1.3",
        "supercluster": "^7.1.3"
      }
    },
    "node_modules/@reach/auto-id": {
      "version": "0.17.0",
      "resolved": "https://registry.npmjs.org/@reach/auto-id/-/auto-id-0.17.0.tgz",
      "integrity": "sha512-ud8iPwF52RVzEmkHq1twuqGuPA+moreumUHdtgvU3sr3/15BNhwp3KyDLrKKSz0LP1r3V4pSdyF9MbYM8BoSjA==",
      "dependencies": {
        "@reach/utils": "0.17.0",
        "tslib": "^2.3.0"
      },
      "peerDependencies": {
        "react": "^16.8.0 || 17.x",
        "react-dom": "^16.8.0 || 17.x"
      }
    },
    "node_modules/@reach/combobox": {
      "version": "0.17.0",
      "resolved": "https://registry.npmjs.org/@reach/combobox/-/combobox-0.17.0.tgz",
      "integrity": "sha512-2mYvU5agOBCQBMdlM4cri+P1BbNwp05P1OuDyc33xJSNiBG7BMy4+ZSHJ0X4fyle6rHwSgCAOCLOeWV1XUYjoQ==",
      "dependencies": {
        "@reach/auto-id": "0.17.0",
        "@reach/descendants": "0.17.0",
        "@reach/popover": "0.17.0",
        "@reach/portal": "0.17.0",
        "@reach/utils": "0.17.0",
        "prop-types": "^15.7.2",
        "tiny-warning": "^1.0.3",
        "tslib": "^2.3.0"
      },
      "peerDependencies": {
        "react": "^16.8.0 || 17.x",
        "react-dom": "^16.8.0 || 17.x"
      }
    },
    "node_modules/@reach/descendants": {
      "version": "0.17.0",
      "resolved": "https://registry.npmjs.org/@reach/descendants/-/descendants-0.17.0.tgz",
      "integrity": "sha512-c7lUaBfjgcmKFZiAWqhG+VnXDMEhPkI4kAav/82XKZD6NVvFjsQOTH+v3tUkskrAPV44Yuch0mFW/u5Ntifr7Q==",
      "dependencies": {
        "@reach/utils": "0.17.0",
        "tslib": "^2.3.0"
      },
      "peerDependencies": {
        "react": "^16.8.0 || 17.x",
        "react-dom": "^16.8.0 || 17.x"
      }
    },
    "node_modules/@reach/observe-rect": {
      "version": "1.2.0",
      "resolved": "https://registry.npmjs.org/@reach/observe-rect/-/observe-rect-1.2.0.tgz",
      "integrity": "sha512-Ba7HmkFgfQxZqqaeIWWkNK0rEhpxVQHIoVyW1YDSkGsGIXzcaW4deC8B0pZrNSSyLTdIk7y+5olKt5+g0GmFIQ=="
    },
    "node_modules/@reach/popover": {
      "version": "0.17.0",
      "resolved": "https://registry.npmjs.org/@reach/popover/-/popover-0.17.0.tgz",
      "integrity": "sha512-yYbBF4fMz4Ml4LB3agobZjcZ/oPtPsNv70ZAd7lEC2h7cvhF453pA+zOBGYTPGupKaeBvgAnrMjj7RnxDU5hoQ==",
      "dependencies": {
        "@reach/portal": "0.17.0",
        "@reach/rect": "0.17.0",
        "@reach/utils": "0.17.0",
        "tabbable": "^4.0.0",
        "tslib": "^2.3.0"
      },
      "peerDependencies": {
        "react": "^16.8.0 || 17.x",
        "react-dom": "^16.8.0 || 17.x"
      }
    },
    "node_modules/@reach/portal": {
      "version": "0.17.0",
      "resolved": "https://registry.npmjs.org/@reach/portal/-/portal-0.17.0.tgz",
      "integrity": "sha512-+IxsgVycOj+WOeNPL2NdgooUdHPSY285wCtj/iWID6akyr4FgGUK7sMhRM9aGFyrGpx2vzr+eggbUmAVZwOz+A==",
      "dependencies": {
        "@reach/utils": "0.17.0",
        "tiny-warning": "^1.0.3",
        "tslib": "^2.3.0"
      },
      "peerDependencies": {
        "react": "^16.8.0 || 17.x",
        "react-dom": "^16.8.0 || 17.x"
      }
    },
    "node_modules/@reach/rect": {
      "version": "0.17.0",
      "resolved": "https://registry.npmjs.org/@reach/rect/-/rect-0.17.0.tgz",
      "integrity": "sha512-3YB7KA5cLjbLc20bmPkJ06DIfXSK06Cb5BbD2dHgKXjUkT9WjZaLYIbYCO8dVjwcyO3GCNfOmPxy62VsPmZwYA==",
      "dependencies": {
        "@reach/observe-rect": "1.2.0",
        "@reach/utils": "0.17.0",
        "prop-types": "^15.7.2",
        "tiny-warning": "^1.0.3",
        "tslib": "^2.3.0"
      },
      "peerDependencies": {
        "react": "^16.8.0 || 17.x",
        "react-dom": "^16.8.0 || 17.x"
      }
    },
    "node_modules/@reach/utils": {
      "version": "0.17.0",
      "resolved": "https://registry.npmjs.org/@reach/utils/-/utils-0.17.0.tgz",
      "integrity": "sha512-M5y8fCBbrWeIsxedgcSw6oDlAMQDkl5uv3VnMVJ7guwpf4E48Xlh1v66z/1BgN/WYe2y8mB/ilFD2nysEfdGeA==",
      "dependencies": {
        "tiny-warning": "^1.0.3",
        "tslib": "^2.3.0"
      },
      "peerDependencies": {
        "react": "^16.8.0 || 17.x",
        "react-dom": "^16.8.0 || 17.x"
      }
    },
    "node_modules/@react-google-maps/api": {
      "version": "2.12.0",
      "resolved": "https://registry.npmjs.org/@react-google-maps/api/-/api-2.12.0.tgz",
      "integrity": "sha512-BqsclJ9p2I6yZa++0R3oEcneECcH7PFsULhn8UDlWQ9uNAQR/aqvqGb9SXYvdpIAOJdk3E737iTrGhFg4j5Ucw==",
      "dependencies": {
        "@googlemaps/js-api-loader": "1.14.3",
        "@googlemaps/markerclusterer": "2.0.7",
        "@react-google-maps/infobox": "2.11.8",
        "@react-google-maps/marker-clusterer": "2.11.8",
        "@types/google.maps": "3.49.1",
        "invariant": "2.2.4"
      },
      "peerDependencies": {
        "react": "^16.8 || ^17 || ^18",
        "react-dom": "^16.8 || ^17 || ^18"
      }
    },
    "node_modules/@react-google-maps/api/node_modules/@types/google.maps": {
      "version": "3.49.1",
      "resolved": "https://registry.npmjs.org/@types/google.maps/-/google.maps-3.49.1.tgz",
      "integrity": "sha512-Sbl5anucT7LUcUxXsRxkCozHdXIkUiY+Tyru+OVl5rot0+VIZuuulmABC7X+nF7rL7BRTAguSBSAD/e/AfIkkA=="
    },
    "node_modules/@react-google-maps/infobox": {
      "version": "2.11.8",
      "resolved": "https://registry.npmjs.org/@react-google-maps/infobox/-/infobox-2.11.8.tgz",
      "integrity": "sha512-15y3dniys1Op5HREyLwiJI2pAdeeHRJT5b4WPrS+vyL5KF6iXK1P3y/9bXtnxHiKe2v6iPreaEhR3VgvfRA50Q=="
    },
    "node_modules/@react-google-maps/marker-clusterer": {
      "version": "2.11.8",
      "resolved": "https://registry.npmjs.org/@react-google-maps/marker-clusterer/-/marker-clusterer-2.11.8.tgz",
      "integrity": "sha512-OEcdbTXEgPwdpGvVuSrhIhjcZPhlzPz2TvaKCBLraf1PKiDyLOPhlTVRlbIziLiu0xN89pJcill1w9UVIVFF+Q=="
    },
    "node_modules/@types/google.maps": {
      "version": "3.49.2",
      "resolved": "https://registry.npmjs.org/@types/google.maps/-/google.maps-3.49.2.tgz",
      "integrity": "sha512-ZO1qWciukqED9qcUNW7OaPXWnTlT+tO3WcYkmudZyQW2BqD7TlMFRrdqSCoqfwKhERCwBA5A/YZt/g5A3BqgLQ==",
      "dev": true
    },
    "node_modules/fast-deep-equal": {
      "version": "3.1.3",
      "resolved": "https://registry.npmjs.org/fast-deep-equal/-/fast-deep-equal-3.1.3.tgz",
      "integrity": "sha512-f3qQ9oQy9j2AhBe/H9VC91wLmKBCCU/gDOnKNAYG5hswO7BLKj09Hc5HYNz9cGI++xlpDCIgDaitVs03ATR84Q=="
    },
    "node_modules/google-maps-react": {
      "version": "2.0.6",
      "resolved": "https://registry.npmjs.org/google-maps-react/-/google-maps-react-2.0.6.tgz",
      "integrity": "sha512-M8Eo9WndfQEfxcmm6yRq03qdJgw1x6rQmJ9DN+a+xPQ3K7yNDGkVDbinrf4/8vcox7nELbeopbm4bpefKewWfQ==",
      "peerDependencies": {
        "react": "~0.14.8 || ^15.0.0 || ^16.0.0",
        "react-dom": "~0.14.8 || ^15.0.0 || ^16.0.0"
      }
    },
    "node_modules/invariant": {
      "version": "2.2.4",
      "resolved": "https://registry.npmjs.org/invariant/-/invariant-2.2.4.tgz",
      "integrity": "sha512-phJfQVBuaJM5raOpJjSfkiD6BpbCE4Ns//LaXl6wGYtUBY83nWS6Rf9tXm2e8VaK60JEjYldbPif/A2B1C2gNA==",
      "dependencies": {
        "loose-envify": "^1.0.0"
      }
    },
    "node_modules/js-tokens": {
      "version": "4.0.0",
      "resolved": "https://registry.npmjs.org/js-tokens/-/js-tokens-4.0.0.tgz",
      "integrity": "sha512-RdJUflcE3cUzKiMqQgsCu06FPu9UdIJO0beYbPhHN4k6apgJtifcoCtT9bcxOpYBtpD2kCM6Sbzg4CausW/PKQ=="
    },
    "node_modules/kdbush": {
      "version": "3.0.0",
      "resolved": "https://registry.npmjs.org/kdbush/-/kdbush-3.0.0.tgz",
      "integrity": "sha512-hRkd6/XW4HTsA9vjVpY9tuXJYLSlelnkTmVFu4M9/7MIYQtFcHpbugAU7UbOfjOiVSVYl2fqgBuJ32JUmRo5Ew=="
    },
    "node_modules/loose-envify": {
      "version": "1.4.0",
      "resolved": "https://registry.npmjs.org/loose-envify/-/loose-envify-1.4.0.tgz",
      "integrity": "sha512-lyuxPGr/Wfhrlem2CL/UcnUc1zcqKAImBDzukY7Y5F/yQiNdko6+fRLevlw1HgMySw7f611UIY408EtxRSoK3Q==",
      "dependencies": {
        "js-tokens": "^3.0.0 || ^4.0.0"
      },
      "bin": {
        "loose-envify": "cli.js"
      }
    },
    "node_modules/object-assign": {
      "version": "4.1.1",
      "resolved": "https://registry.npmjs.org/object-assign/-/object-assign-4.1.1.tgz",
      "integrity": "sha512-rJgTQnkUnH1sFw8yT6VSU3zD3sWmu6sZhIseY8VX+GRu3P6F7Fu+JNDoXfklElbLJSnc3FUQHVe4cU5hj+BcUg==",
      "engines": {
        "node": ">=0.10.0"
      }
    },
    "node_modules/prop-types": {
      "version": "15.8.1",
      "resolved": "https://registry.npmjs.org/prop-types/-/prop-types-15.8.1.tgz",
      "integrity": "sha512-oj87CgZICdulUohogVAR7AjlC0327U4el4L6eAvOqCeudMDVU0NThNaV+b9Df4dXgSP1gXMTnPdhfe/2qDH5cg==",
      "dependencies": {
        "loose-envify": "^1.4.0",
        "object-assign": "^4.1.1",
        "react-is": "^16.13.1"
      }
    },
    "node_modules/react": {
      "version": "16.14.0",
      "resolved": "https://registry.npmjs.org/react/-/react-16.14.0.tgz",
      "integrity": "sha512-0X2CImDkJGApiAlcf0ODKIneSwBPhqJawOa5wCtKbu7ZECrmS26NvtSILynQ66cgkT/RJ4LidJOc3bUESwmU8g==",
      "peer": true,
      "dependencies": {
        "loose-envify": "^1.1.0",
        "object-assign": "^4.1.1",
        "prop-types": "^15.6.2"
      },
      "engines": {
        "node": ">=0.10.0"
      }
    },
    "node_modules/react-dom": {
      "version": "16.14.0",
      "resolved": "https://registry.npmjs.org/react-dom/-/react-dom-16.14.0.tgz",
      "integrity": "sha512-1gCeQXDLoIqMgqD3IO2Ah9bnf0w9kzhwN5q4FGnHZ67hBm9yePzB5JJAIQCc8x3pFnNlwFq4RidZggNAAkzWWw==",
      "peer": true,
      "dependencies": {
        "loose-envify": "^1.1.0",
        "object-assign": "^4.1.1",
        "prop-types": "^15.6.2",
        "scheduler": "^0.19.1"
      },
      "peerDependencies": {
        "react": "^16.14.0"
      }
    },
    "node_modules/react-is": {
      "version": "16.13.1",
      "resolved": "https://registry.npmjs.org/react-is/-/react-is-16.13.1.tgz",
      "integrity": "sha512-24e6ynE2H+OKt4kqsOvNd8kBpV65zoxbA4BVsEOB3ARVWQki/DHzaUoC5KuON/BiccDaCCTZBuOcfZs70kR8bQ=="
    },
    "node_modules/scheduler": {
      "version": "0.19.1",
      "resolved": "https://registry.npmjs.org/scheduler/-/scheduler-0.19.1.tgz",
      "integrity": "sha512-n/zwRWRYSUj0/3g/otKDRPMh6qv2SYMWNq85IEa8iZyAv8od9zDYpGSnpBEjNgcMNq6Scbu5KfIPxNF72R/2EA==",
      "peer": true,
      "dependencies": {
        "loose-envify": "^1.1.0",
        "object-assign": "^4.1.1"
      }
    },
    "node_modules/supercluster": {
      "version": "7.1.5",
      "resolved": "https://registry.npmjs.org/supercluster/-/supercluster-7.1.5.tgz",
      "integrity": "sha512-EulshI3pGUM66o6ZdH3ReiFcvHpM3vAigyK+vcxdjpJyEbIIrtbmBdY23mGgnI24uXiGFvrGq9Gkum/8U7vJWg==",
      "dependencies": {
        "kdbush": "^3.0.0"
      }
    },
    "node_modules/tabbable": {
      "version": "4.0.0",
      "resolved": "https://registry.npmjs.org/tabbable/-/tabbable-4.0.0.tgz",
      "integrity": "sha512-H1XoH1URcBOa/rZZWxLxHCtOdVUEev+9vo5YdYhC9tCY4wnybX+VQrCYuy9ubkg69fCBxCONJOSLGfw0DWMffQ=="
    },
    "node_modules/tiny-warning": {
      "version": "1.0.3",
      "resolved": "https://registry.npmjs.org/tiny-warning/-/tiny-warning-1.0.3.tgz",
      "integrity": "sha512-lBN9zLN/oAf68o3zNXYrdCt1kP8WsiGW8Oo2ka41b2IM5JL/S1CTyX1rW0mb/zSuJun0ZUrDxx4sqvYS2FWzPA=="
    },
    "node_modules/tslib": {
      "version": "2.4.0",
      "resolved": "https://registry.npmjs.org/tslib/-/tslib-2.4.0.tgz",
      "integrity": "sha512-d6xOpEDfsi2CZVlPQzGeux8XMwLT9hssAsaPYExaQMuYskwb+x1x7J371tWlbBdWHroy99KnVB6qIkUbs5X3UQ=="
    },
    "node_modules/use-places-autocomplete": {
      "version": "4.0.0",
      "resolved": "https://registry.npmjs.org/use-places-autocomplete/-/use-places-autocomplete-4.0.0.tgz",
      "integrity": "sha512-w8jdm1iT3WXN0DPXtgyccJoBlAk/UetCMg466B2pBiWNBfvAIxdRoU6Gt4CzW11rWWuzpqnMG5hLxUOKSZBSgw==",
      "peerDependencies": {
        "react": ">= 16.8.0"
      }
    }
  },
  "dependencies": {
    "@googlemaps/js-api-loader": {
      "version": "1.14.3",
      "resolved": "https://registry.npmjs.org/@googlemaps/js-api-loader/-/js-api-loader-1.14.3.tgz",
      "integrity": "sha512-6iIb+qpGgQpgIHmIFO44WhE1rDUxPVHuezNFL30wRJnkvhwFm94tD291UvNg9L05hLDSoL16jd0lbqqmdy4C5g==",
      "requires": {
        "fast-deep-equal": "^3.1.3"
      }
    },
    "@googlemaps/markerclusterer": {
      "version": "2.0.7",
      "resolved": "https://registry.npmjs.org/@googlemaps/markerclusterer/-/markerclusterer-2.0.7.tgz",
      "integrity": "sha512-/xADL31ERrNoVsF+O2A+H+obxOki4DHPQkU/STS5gFG6ZZVpvNV4WLisW2aOlOsH3rUXSq3MFjqFOEDXSQcvog==",
      "requires": {
        "fast-deep-equal": "^3.1.3",
        "supercluster": "^7.1.3"
      }
    },
    "@reach/auto-id": {
      "version": "0.17.0",
      "resolved": "https://registry.npmjs.org/@reach/auto-id/-/auto-id-0.17.0.tgz",
      "integrity": "sha512-ud8iPwF52RVzEmkHq1twuqGuPA+moreumUHdtgvU3sr3/15BNhwp3KyDLrKKSz0LP1r3V4pSdyF9MbYM8BoSjA==",
      "requires": {
        "@reach/utils": "0.17.0",
        "tslib": "^2.3.0"
      }
    },
    "@reach/combobox": {
      "version": "0.17.0",
      "resolved": "https://registry.npmjs.org/@reach/combobox/-/combobox-0.17.0.tgz",
      "integrity": "sha512-2mYvU5agOBCQBMdlM4cri+P1BbNwp05P1OuDyc33xJSNiBG7BMy4+ZSHJ0X4fyle6rHwSgCAOCLOeWV1XUYjoQ==",
      "requires": {
        "@reach/auto-id": "0.17.0",
        "@reach/descendants": "0.17.0",
        "@reach/popover": "0.17.0",
        "@reach/portal": "0.17.0",
        "@reach/utils": "0.17.0",
        "prop-types": "^15.7.2",
        "tiny-warning": "^1.0.3",
        "tslib": "^2.3.0"
      }
    },
    "@reach/descendants": {
      "version": "0.17.0",
      "resolved": "https://registry.npmjs.org/@reach/descendants/-/descendants-0.17.0.tgz",
      "integrity": "sha512-c7lUaBfjgcmKFZiAWqhG+VnXDMEhPkI4kAav/82XKZD6NVvFjsQOTH+v3tUkskrAPV44Yuch0mFW/u5Ntifr7Q==",
      "requires": {
        "@reach/utils": "0.17.0",
        "tslib": "^2.3.0"
      }
    },
    "@reach/observe-rect": {
      "version": "1.2.0",
      "resolved": "https://registry.npmjs.org/@reach/observe-rect/-/observe-rect-1.2.0.tgz",
      "integrity": "sha512-Ba7HmkFgfQxZqqaeIWWkNK0rEhpxVQHIoVyW1YDSkGsGIXzcaW4deC8B0pZrNSSyLTdIk7y+5olKt5+g0GmFIQ=="
    },
    "@reach/popover": {
      "version": "0.17.0",
      "resolved": "https://registry.npmjs.org/@reach/popover/-/popover-0.17.0.tgz",
      "integrity": "sha512-yYbBF4fMz4Ml4LB3agobZjcZ/oPtPsNv70ZAd7lEC2h7cvhF453pA+zOBGYTPGupKaeBvgAnrMjj7RnxDU5hoQ==",
      "requires": {
        "@reach/portal": "0.17.0",
        "@reach/rect": "0.17.0",
        "@reach/utils": "0.17.0",
        "tabbable": "^4.0.0",
        "tslib": "^2.3.0"
      }
    },
    "@reach/portal": {
      "version": "0.17.0",
      "resolved": "https://registry.npmjs.org/@reach/portal/-/portal-0.17.0.tgz",
      "integrity": "sha512-+IxsgVycOj+WOeNPL2NdgooUdHPSY285wCtj/iWID6akyr4FgGUK7sMhRM9aGFyrGpx2vzr+eggbUmAVZwOz+A==",
      "requires": {
        "@reach/utils": "0.17.0",
        "tiny-warning": "^1.0.3",
        "tslib": "^2.3.0"
      }
    },
    "@reach/rect": {
      "version": "0.17.0",
      "resolved": "https://registry.npmjs.org/@reach/rect/-/rect-0.17.0.tgz",
      "integrity": "sha512-3YB7KA5cLjbLc20bmPkJ06DIfXSK06Cb5BbD2dHgKXjUkT9WjZaLYIbYCO8dVjwcyO3GCNfOmPxy62VsPmZwYA==",
      "requires": {
        "@reach/observe-rect": "1.2.0",
        "@reach/utils": "0.17.0",
        "prop-types": "^15.7.2",
        "tiny-warning": "^1.0.3",
        "tslib": "^2.3.0"
      }
    },
    "@reach/utils": {
      "version": "0.17.0",
      "resolved": "https://registry.npmjs.org/@reach/utils/-/utils-0.17.0.tgz",
      "integrity": "sha512-M5y8fCBbrWeIsxedgcSw6oDlAMQDkl5uv3VnMVJ7guwpf4E48Xlh1v66z/1BgN/WYe2y8mB/ilFD2nysEfdGeA==",
      "requires": {
        "tiny-warning": "^1.0.3",
        "tslib": "^2.3.0"
      }
    },
    "@react-google-maps/api": {
      "version": "2.12.0",
      "resolved": "https://registry.npmjs.org/@react-google-maps/api/-/api-2.12.0.tgz",
      "integrity": "sha512-BqsclJ9p2I6yZa++0R3oEcneECcH7PFsULhn8UDlWQ9uNAQR/aqvqGb9SXYvdpIAOJdk3E737iTrGhFg4j5Ucw==",
      "requires": {
        "@googlemaps/js-api-loader": "1.14.3",
        "@googlemaps/markerclusterer": "2.0.7",
        "@react-google-maps/infobox": "2.11.8",
        "@react-google-maps/marker-clusterer": "2.11.8",
        "@types/google.maps": "3.49.1",
        "invariant": "2.2.4"
      },
      "dependencies": {
        "@types/google.maps": {
          "version": "3.49.1",
          "resolved": "https://registry.npmjs.org/@types/google.maps/-/google.maps-3.49.1.tgz",
          "integrity": "sha512-Sbl5anucT7LUcUxXsRxkCozHdXIkUiY+Tyru+OVl5rot0+VIZuuulmABC7X+nF7rL7BRTAguSBSAD/e/AfIkkA=="
        }
      }
    },
    "@react-google-maps/infobox": {
      "version": "2.11.8",
      "resolved": "https://registry.npmjs.org/@react-google-maps/infobox/-/infobox-2.11.8.tgz",
      "integrity": "sha512-15y3dniys1Op5HREyLwiJI2pAdeeHRJT5b4WPrS+vyL5KF6iXK1P3y/9bXtnxHiKe2v6iPreaEhR3VgvfRA50Q=="
    },
    "@react-google-maps/marker-clusterer": {
      "version": "2.11.8",
      "resolved": "https://registry.npmjs.org/@react-google-maps/marker-clusterer/-/marker-clusterer-2.11.8.tgz",
      "integrity": "sha512-OEcdbTXEgPwdpGvVuSrhIhjcZPhlzPz2TvaKCBLraf1PKiDyLOPhlTVRlbIziLiu0xN89pJcill1w9UVIVFF+Q=="
    },
    "@types/google.maps": {
      "version": "3.49.2",
      "resolved": "https://registry.npmjs.org/@types/google.maps/-/google.maps-3.49.2.tgz",
      "integrity": "sha512-ZO1qWciukqED9qcUNW7OaPXWnTlT+tO3WcYkmudZyQW2BqD7TlMFRrdqSCoqfwKhERCwBA5A/YZt/g5A3BqgLQ==",
      "dev": true
    },
    "fast-deep-equal": {
      "version": "3.1.3",
      "resolved": "https://registry.npmjs.org/fast-deep-equal/-/fast-deep-equal-3.1.3.tgz",
      "integrity": "sha512-f3qQ9oQy9j2AhBe/H9VC91wLmKBCCU/gDOnKNAYG5hswO7BLKj09Hc5HYNz9cGI++xlpDCIgDaitVs03ATR84Q=="
    },
    "google-maps-react": {
      "version": "2.0.6",
      "resolved": "https://registry.npmjs.org/google-maps-react/-/google-maps-react-2.0.6.tgz",
      "integrity": "sha512-M8Eo9WndfQEfxcmm6yRq03qdJgw1x6rQmJ9DN+a+xPQ3K7yNDGkVDbinrf4/8vcox7nELbeopbm4bpefKewWfQ==",
      "requires": {}
    },
    "invariant": {
      "version": "2.2.4",
      "resolved": "https://registry.npmjs.org/invariant/-/invariant-2.2.4.tgz",
      "integrity": "sha512-phJfQVBuaJM5raOpJjSfkiD6BpbCE4Ns//LaXl6wGYtUBY83nWS6Rf9tXm2e8VaK60JEjYldbPif/A2B1C2gNA==",
      "requires": {
        "loose-envify": "^1.0.0"
      }
    },
    "js-tokens": {
      "version": "4.0.0",
      "resolved": "https://registry.npmjs.org/js-tokens/-/js-tokens-4.0.0.tgz",
      "integrity": "sha512-RdJUflcE3cUzKiMqQgsCu06FPu9UdIJO0beYbPhHN4k6apgJtifcoCtT9bcxOpYBtpD2kCM6Sbzg4CausW/PKQ=="
    },
    "kdbush": {
      "version": "3.0.0",
      "resolved": "https://registry.npmjs.org/kdbush/-/kdbush-3.0.0.tgz",
      "integrity": "sha512-hRkd6/XW4HTsA9vjVpY9tuXJYLSlelnkTmVFu4M9/7MIYQtFcHpbugAU7UbOfjOiVSVYl2fqgBuJ32JUmRo5Ew=="
    },
    "loose-envify": {
      "version": "1.4.0",
      "resolved": "https://registry.npmjs.org/loose-envify/-/loose-envify-1.4.0.tgz",
      "integrity": "sha512-lyuxPGr/Wfhrlem2CL/UcnUc1zcqKAImBDzukY7Y5F/yQiNdko6+fRLevlw1HgMySw7f611UIY408EtxRSoK3Q==",
      "requires": {
        "js-tokens": "^3.0.0 || ^4.0.0"
      }
    },
    "object-assign": {
      "version": "4.1.1",
      "resolved": "https://registry.npmjs.org/object-assign/-/object-assign-4.1.1.tgz",
      "integrity": "sha512-rJgTQnkUnH1sFw8yT6VSU3zD3sWmu6sZhIseY8VX+GRu3P6F7Fu+JNDoXfklElbLJSnc3FUQHVe4cU5hj+BcUg=="
    },
    "prop-types": {
      "version": "15.8.1",
      "resolved": "https://registry.npmjs.org/prop-types/-/prop-types-15.8.1.tgz",
      "integrity": "sha512-oj87CgZICdulUohogVAR7AjlC0327U4el4L6eAvOqCeudMDVU0NThNaV+b9Df4dXgSP1gXMTnPdhfe/2qDH5cg==",
      "requires": {
        "loose-envify": "^1.4.0",
        "object-assign": "^4.1.1",
        "react-is": "^16.13.1"
      }
    },
    "react": {
      "version": "16.14.0",
      "resolved": "https://registry.npmjs.org/react/-/react-16.14.0.tgz",
      "integrity": "sha512-0X2CImDkJGApiAlcf0ODKIneSwBPhqJawOa5wCtKbu7ZECrmS26NvtSILynQ66cgkT/RJ4LidJOc3bUESwmU8g==",
      "peer": true,
      "requires": {
        "loose-envify": "^1.1.0",
        "object-assign": "^4.1.1",
        "prop-types": "^15.6.2"
      }
    },
    "react-dom": {
      "version": "16.14.0",
      "resolved": "https://registry.npmjs.org/react-dom/-/react-dom-16.14.0.tgz",
      "integrity": "sha512-1gCeQXDLoIqMgqD3IO2Ah9bnf0w9kzhwN5q4FGnHZ67hBm9yePzB5JJAIQCc8x3pFnNlwFq4RidZggNAAkzWWw==",
      "peer": true,
      "requires": {
        "loose-envify": "^1.1.0",
        "object-assign": "^4.1.1",
        "prop-types": "^15.6.2",
        "scheduler": "^0.19.1"
      }
    },
    "react-is": {
      "version": "16.13.1",
      "resolved": "https://registry.npmjs.org/react-is/-/react-is-16.13.1.tgz",
      "integrity": "sha512-24e6ynE2H+OKt4kqsOvNd8kBpV65zoxbA4BVsEOB3ARVWQki/DHzaUoC5KuON/BiccDaCCTZBuOcfZs70kR8bQ=="
    },
    "scheduler": {
      "version": "0.19.1",
      "resolved": "https://registry.npmjs.org/scheduler/-/scheduler-0.19.1.tgz",
      "integrity": "sha512-n/zwRWRYSUj0/3g/otKDRPMh6qv2SYMWNq85IEa8iZyAv8od9zDYpGSnpBEjNgcMNq6Scbu5KfIPxNF72R/2EA==",
      "peer": true,
      "requires": {
        "loose-envify": "^1.1.0",
        "object-assign": "^4.1.1"
      }
    },
    "supercluster": {
      "version": "7.1.5",
      "resolved": "https://registry.npmjs.org/supercluster/-/supercluster-7.1.5.tgz",
      "integrity": "sha512-EulshI3pGUM66o6ZdH3ReiFcvHpM3vAigyK+vcxdjpJyEbIIrtbmBdY23mGgnI24uXiGFvrGq9Gkum/8U7vJWg==",
      "requires": {
        "kdbush": "^3.0.0"
      }
    },
    "tabbable": {
      "version": "4.0.0",
      "resolved": "https://registry.npmjs.org/tabbable/-/tabbable-4.0.0.tgz",
      "integrity": "sha512-H1XoH1URcBOa/rZZWxLxHCtOdVUEev+9vo5YdYhC9tCY4wnybX+VQrCYuy9ubkg69fCBxCONJOSLGfw0DWMffQ=="
    },
    "tiny-warning": {
      "version": "1.0.3",
      "resolved": "https://registry.npmjs.org/tiny-warning/-/tiny-warning-1.0.3.tgz",
      "integrity": "sha512-lBN9zLN/oAf68o3zNXYrdCt1kP8WsiGW8Oo2ka41b2IM5JL/S1CTyX1rW0mb/zSuJun0ZUrDxx4sqvYS2FWzPA=="
    },
    "tslib": {
      "version": "2.4.0",
      "resolved": "https://registry.npmjs.org/tslib/-/tslib-2.4.0.tgz",
      "integrity": "sha512-d6xOpEDfsi2CZVlPQzGeux8XMwLT9hssAsaPYExaQMuYskwb+x1x7J371tWlbBdWHroy99KnVB6qIkUbs5X3UQ=="
    },
    "use-places-autocomplete": {
      "version": "4.0.0",
      "resolved": "https://registry.npmjs.org/use-places-autocomplete/-/use-places-autocomplete-4.0.0.tgz",
      "integrity": "sha512-w8jdm1iT3WXN0DPXtgyccJoBlAk/UetCMg466B2pBiWNBfvAIxdRoU6Gt4CzW11rWWuzpqnMG5hLxUOKSZBSgw==",
      "requires": {}
    }
  }
}
